{
  "name": "whatitbroke-monorepo",
  "version": "1.0.0",
  "lockfileVersion": 3,
  "requires": true,
  "packages": {
    "": {
      "name": "whatitbroke-monorepo",
      "version": "1.0.0",
      "license": "MIT",
      "workspaces": [
        "packages/*",
        "examples/*"
      ],
      "devDependencies": {
        "@types/node": "^22.13.5",
        "@types/react": "^19.2.18",
        "react": "^19.2.8",
        "typescript": "^5.7.3"
      }
    },
    "node_modules/@types/node": {
      "version": "22.20.1",
      "resolved": "https://registry.npmjs.org/@types/node/-/node-22.20.1.tgz",
      "integrity": "sha512-EANqOCF9QFyra+4pfxUcX9STKJpCLjMbObVzljIJomAWSnuSIEAvyzEU53GaajbXJEgdh0iEcPL+DGvpUd4k1Q==",
      "dev": true,
      "license": "MIT",
      "dependencies": {
        "undici-types": "~6.21.0"
      }
    },
    "node_modules/@types/react": {
      "version": "19.2.18",
      "resolved": "https://registry.npmjs.org/@types/react/-/react-19.2.18.tgz",
      "integrity": "sha512-AnzbBERsrLKtk2XSfTbYRLjQPdy116Sty4q+T+Bp3IC4l6jNBvreVPAHmpq9qhXQM7CXZPjLVmGMw9sy+hxQ3w==",
      "dev": true,
      "license": "MIT",
      "dependencies": {
        "csstype": "^3.2.2"
      }
    },
    "node_modules/@whatitbroke/ai": {
      "resolved": "packages/ai",
      "link": true
    },
    "node_modules/@whatitbroke/angular": {
      "resolved": "packages/angular",
      "link": true
    },
    "node_modules/@whatitbroke/cli": {
      "resolved": "packages/cli",
      "link": true
    },
    "node_modules/@whatitbroke/core": {
      "resolved": "packages/core",
      "link": true
    },
    "node_modules/@whatitbroke/node": {
      "resolved": "packages/node",
      "link": true
    },
    "node_modules/@whatitbroke/react": {
      "resolved": "packages/react",
      "link": true
    },
    "node_modules/@whatitbroke/shared": {
      "resolved": "packages/shared",
      "link": true
    },
    "node_modules/@whatitbroke/vue": {
      "resolved": "packages/vue",
      "link": true
    },
    "node_modules/csstype": {
      "version": "3.2.3",
      "resolved": "https://registry.npmjs.org/csstype/-/csstype-3.2.3.tgz",
      "integrity": "sha512-z1HGKcYy2xA8AGQfwrn0PAy+PB7X/GSj3UVJW9qKyn43xWa+gl5nXmU4qqLMRzWVLFC8KusUX8T/0kCiOYpAIQ==",
      "dev": true,
      "license": "MIT"
    },
    "node_modules/react": {
      "version": "19.2.8",
      "resolved": "https://registry.npmjs.org/react/-/react-19.2.8.tgz",
      "integrity": "sha512-PWaYA1L/q9u2u7xYQi+Y3L3Yfnie7XyLeaJICV1MGD6LprsBxcAqGjYyr0eY3p+QdsA+x/Irkt4Qif8D63+Sbw==",
      "devOptional": true,
      "license": "MIT",
      "engines": {
        "node": ">=0.10.0"
      }
    },
    "node_modules/typescript": {
      "version": "5.9.3",
      "resolved": "https://registry.npmjs.org/typescript/-/typescript-5.9.3.tgz",
      "integrity": "sha512-jl1vZzPDinLr9eUt3J/t7V6FgNEw9QjvBPdysz9KfQDD41fQrC2Y4vKQdiaUpFT4bXlb1RHhLpp8wtm6M5TgSw==",
      "dev": true,
      "license": "Apache-2.0",
      "bin": {
        "tsc": "bin/tsc",
        "tsserver": "bin/tsserver"
      },
      "engines": {
        "node": ">=14.17"
      }
    },
    "node_modules/undici-types": {
      "version": "6.21.0",
      "resolved": "https://registry.npmjs.org/undici-types/-/undici-types-6.21.0.tgz",
      "integrity": "sha512-iwDZqg0QAGrg9Rav5H4n0M64c3mkR59cJ6wQp+7C4nI0gsmExaedaYLNO44eT4AtBBwjbTiGPMlt2Md0T9H9JQ==",
      "dev": true,
      "license": "MIT"
    },
    "packages/ai": {
      "name": "@whatitbroke/ai",
      "version": "1.0.0",
      "license": "MIT",
      "dependencies": {
        "@whatitbroke/shared": "1.0.0"
      }
    },
    "packages/angular": {
      "name": "@whatitbroke/angular",
      "version": "1.0.0",
      "license": "MIT",
      "dependencies": {
        "@whatitbroke/core": "1.0.0",
        "@whatitbroke/shared": "1.0.0"
      },
      "peerDependencies": {
        "@angular/core": ">=15.0.0"
      },
      "peerDependenciesMeta": {
        "@angular/core": {
          "optional": true
        }
      }
    },
    "packages/cli": {
      "name": "@whatitbroke/cli",
      "version": "1.0.0",
      "license": "MIT",
      "dependencies": {
        "@whatitbroke/ai": "1.0.0",
        "@whatitbroke/angular": "1.0.0",
        "@whatitbroke/core": "1.0.0",
        "@whatitbroke/node": "1.0.0",
        "@whatitbroke/react": "1.0.0",
        "@whatitbroke/shared": "1.0.0",
        "@whatitbroke/vue": "1.0.0"
      },
      "bin": {
        "whatitbroke": "bin/whatitbroke.js"
      }
    },
    "packages/core": {
      "name": "@whatitbroke/core",
      "version": "1.0.0",
      "license": "MIT",
      "dependencies": {
        "@whatitbroke/shared": "1.0.0"
      }
    },
    "packages/node": {
      "name": "@whatitbroke/node",
      "version": "1.0.0",
      "license": "MIT",
      "dependencies": {
        "@whatitbroke/core": "1.0.0",
        "@whatitbroke/shared": "1.0.0"
      }
    },
    "packages/react": {
      "name": "@whatitbroke/react",
      "version": "1.0.0",
      "license": "MIT",
      "dependencies": {
        "@whatitbroke/core": "1.0.0",
        "@whatitbroke/shared": "1.0.0"
      },
      "devDependencies": {
        "@types/react": "^19.0.10"
      },
      "peerDependencies": {
        "react": ">=18.0.0"
      },
      "peerDependenciesMeta": {
        "react": {
          "optional": true
        }
      }
    },
    "packages/shared": {
      "name": "@whatitbroke/shared",
      "version": "1.0.0",
      "license": "MIT"
    },
    "packages/vue": {
      "name": "@whatitbroke/vue",
      "version": "1.0.0",
      "license": "MIT",
      "dependencies": {
        "@whatitbroke/core": "1.0.0",
        "@whatitbroke/shared": "1.0.0"
      },
      "peerDependencies": {
        "vue": "^3.0.0"
      },
      "peerDependenciesMeta": {
        "vue": {
          "optional": true
        }
      }
    }
  }
}
